
Microsoft Visual Studio Solution File, Format Version 12.00
# Visual Studio Version 17
VisualStudioVersion = 17.8.34330.188
MinimumVisualStudioVersion = 10.0.40219.1
Project("{9A19103F-16F7-4668-BE54-9A1E7A4F7556}") = "HotelManagement", "HotelManagement\HotelManagement.csproj", "{B0C1E5EE-D054-41CA-94E9-2E437BD5ED10}"
EndProject
Global
	GlobalSection(SolutionConfigurationPlatforms) = preSolution
		Debug|Any CPU = Debug|Any CPU
		Release|Any CPU = Release|Any CPU
	EndGlobalSection
	GlobalSection(ProjectConfigurationPlatforms) = postSolution
		{B0C1E5EE-D054-41CA-94E9-2E437BD5ED10}.Debug|Any CPU.ActiveCfg = Debug|Any CPU
		{B0C1E5EE-D054-41CA-94E9-2E437BD5ED10}.Debug|Any CPU.Build.0 = Debug|Any CPU
		{B0C1E5EE-D054-41CA-94E9-2E437BD5ED10}.Release|Any CPU.ActiveCfg = Release|Any CPU
		{B0C1E5EE-D054-41CA-94E9-2E437BD5ED10}.Release|Any CPU.Build.0 = Release|Any CPU
	EndGlobalSection
	GlobalSection(SolutionProperties) = preSolution
		HideSolutionNode = FALSE
	EndGlobalSection
	GlobalSection(ExtensibilityGlobals) = postSolution
		SolutionGuid = {F4A979B0-6049-4767-9D93-32FEFEAD8966}
	EndGlobalSection
EndGlobal
